// !$*UTF8*$!
{
	archiveVersion = 1;
	classes = {
	};
	objectVersion = 48;
	objects = {

/* Begin PBXBuildFile section */
		B70801831F7D1A2C0057AB66 /* main.cpp in Sources */ = {isa = PBXBuildFile; fileRef = B70801821F7D1A2C0057AB66 /* main.cpp */; };
		B70801991F7D1C6F0057AB66 /* Graph.cpp in Sources */ = {isa = PBXBuildFile; fileRef = B70801971F7D1C6F0057AB66 /* Graph.cpp */; };
		B708019C1F7D1C990057AB66 /* GraphBuilder.cpp in Sources */ = {isa = PBXBuildFile; fileRef = B708019A1F7D1C990057AB66 /* GraphBuilder.cpp */; };
		B70801A01F7D1CF20057AB66 /* algorithms.cpp in Sources */ = {isa = PBXBuildFile; fileRef = B708019E1F7D1CF20057AB66 /* algorithms.cpp */; };
/* End PBXBuildFile section */

/* Begin PBXCopyFilesBuildPhase section */
		B708017D1F7D1A2B0057AB66 /* CopyFiles */ = {
			isa = PBXCopyFilesBuildPhase;
			buildActionMask = 2147483647;
			dstPath = /usr/share/man/man1/;
			dstSubfolderSpec = 0;
			files = (
			);
			runOnlyForDeploymentPostprocessing = 1;
		};
/* End PBXCopyFilesBuildPhase section */

/* Begin PBXFileReference section */
		B708017F1F7D1A2B0057AB66 /* AlgLab4 */ = {isa = PBXFileReference; explicitFileType = "compiled.mach-o.executable"; includeInIndex = 0; path = AlgLab4; sourceTree = BUILT_PRODUCTS_DIR; };
		B70801821F7D1A2C0057AB66 /* main.cpp */ = {isa = PBXFileReference; lastKnownFileType = sourcecode.cpp.cpp; path = main.cpp; sourceTree = "<group>"; };
		B70801971F7D1C6F0057AB66 /* Graph.cpp */ = {isa = PBXFileReference; lastKnownFileType = sourcecode.cpp.cpp; path = Graph.cpp; sourceTree = "<group>"; };
		B70801981F7D1C6F0057AB66 /* Graph.h */ = {isa = PBXFileReference; lastKnownFileType = sourcecode.c.h; path = Graph.h; sourceTree = "<group>"; };
		B708019A1F7D1C990057AB66 /* GraphBuilder.cpp */ = {isa = PBXFileReference; lastKnownFileType = sourcecode.cpp.cpp; path = GraphBuilder.cpp; sourceTree = "<group>"; };
		B708019B1F7D1C990057AB66 /* GraphBuilder.h */ = {isa = PBXFileReference; lastKnownFileType = sourcecode.c.h; path = GraphBuilder.h; sourceTree = "<group>"; };
		B708019E1F7D1CF20057AB66 /* algorithms.cpp */ = {isa = PBXFileReference; lastKnownFileType = sourcecode.cpp.cpp; path = algorithms.cpp; sourceTree = "<group>"; };
		B708019F1F7D1CF20057AB66 /* algorithms.h */ = {isa = PBXFileReference; lastKnownFileType = sourcecode.c.h; path = algorithms.h; sourceTree = "<group>"; };
/* End PBXFileReference section */

/* Begin PBXFrameworksBuildPhase section */
		B708017C1F7D1A2B0057AB66 /* Frameworks */ = {
			isa = PBXFrameworksBuildPhase;
			buildActionMask = 2147483647;
			files = (
			);
			runOnlyForDeploymentPostprocessing = 0;
		};
/* End PBXFrameworksBuildPhase section */

/* Begin PBXGroup section */
		B70801761F7D1A2B0057AB66 = {
			isa = PBXGroup;
			children = (
				B70801811F7D1A2B0057AB66 /* AlgLab4 */,
				B70801801F7D1A2B0057AB66 /* Products */,
			);
			sourceTree = "<group>";
		};
		B70801801F7D1A2B0057AB66 /* Products */ = {
			isa = PBXGroup;
			children = (
				B708017F1F7D1A2B0057AB66 /* AlgLab4 */,
			);
			name = Products;
			sourceTree = "<group>";
		};
		B70801811F7D1A2B0057AB66 /* AlgLab4 */ = {
			isa = PBXGroup;
			children = (
				B708019D1F7D1CD80057AB66 /* algorithms */,
				B70801961F7D1C5A0057AB66 /* graph */,
				B70801821F7D1A2C0057AB66 /* main.cpp */,
			);
			path = AlgLab4;
			sourceTree = "<group>";
		};
		B70801961F7D1C5A0057AB66 /* graph */ = {
			isa = PBXGroup;
			children = (
				B70801971F7D1C6F0057AB66 /* Graph.cpp */,
				B70801981F7D1C6F0057AB66 /* Graph.h */,
				B708019A1F7D1C990057AB66 /* GraphBuilder.cpp */,
				B708019B1F7D1C990057AB66 /* GraphBuilder.h */,
			);
			path = graph;
			sourceTree = "<group>";
		};
		B708019D1F7D1CD80057AB66 /* algorithms */ = {
			isa = PBXGroup;
			children = (
				B708019E1F7D1CF20057AB66 /* algorithms.cpp */,
				B708019F1F7D1CF20057AB66 /* algorithms.h */,
			);
			path = algorithms;
			sourceTree = "<group>";
		};
/* End PBXGroup section */

/* Begin PBXNativeTarget section */
		B708017E1F7D1A2B0057AB66 /* AlgLab4 */ = {
			isa = PBXNativeTarget;
			buildConfigurationList = B70801861F7D1A2C0057AB66 /* Build configuration list for PBXNativeTarget "AlgLab4" */;
			buildPhases = (
				B708017B1F7D1A2B0057AB66 /* Sources */,
				B708017C1F7D1A2B0057AB66 /* Frameworks */,
				B708017D1F7D1A2B0057AB66 /* CopyFiles */,
			);
			buildRules = (
			);
			dependencies = (
			);
			name = AlgLab4;
			productName = AlgLab4;
			productReference = B708017F1F7D1A2B0057AB66 /* AlgLab4 */;
			productType = "com.apple.product-type.tool";
		};
/* End PBXNativeTarget section */

/* Begin PBXProject section */
		B70801771F7D1A2B0057AB66 /* Project object */ = {
			isa = PBXProject;
			attributes = {
				LastUpgradeCheck = 0900;
				ORGANIZATIONNAME = "Konstantin Petkevich";
				TargetAttributes = {
					B708017E1F7D1A2B0057AB66 = {
						CreatedOnToolsVersion = 9.0;
						ProvisioningStyle = Automatic;
					};
				};
			};
			buildConfigurationList = B708017A1F7D1A2B0057AB66 /* Build configuration list for PBXProject "AlgLab4" */;
			compatibilityVersion = "Xcode 8.0";
			developmentRegion = en;
			hasScannedForEncodings = 0;
			knownRegions = (
				en,
			);
			mainGroup = B70801761F7D1A2B0057AB66;
			productRefGroup = B70801801F7D1A2B0057AB66 /* Products */;
			projectDirPath = "";
			projectRoot = "";
			targets = (
				B708017E1F7D1A2B0057AB66 /* AlgLab4 */,
			);
		};
/* End PBXProject section */

/* Begin PBXSourcesBuildPhase section */
		B708017B1F7D1A2B0057AB66 /* Sources */ = {
			isa = PBXSourcesBuildPhase;
			buildActionMask = 2147483647;
			files = (
				B70801991F7D1C6F0057AB66 /* Graph.cpp in Sources */,
				B70801A01F7D1CF20057AB66 /* algorithms.cpp in Sources */,
				B70801831F7D1A2C0057AB66 /* main.cpp in Sources */,
				B708019C1F7D1C990057AB66 /* GraphBuilder.cpp in Sources */,
			);
			runOnlyForDeploymentPostprocessing = 0;
		};
/* End PBXSourcesBuildPhase section */

/* Begin XCBuildConfiguration section */
		B70801841F7D1A2C0057AB66 /* Debug */ = {
			isa = XCBuildConfiguration;
			buildSettings = {
				ALWAYS_SEARCH_USER_PATHS = NO;
				CLANG_ANALYZER_NONNULL = YES;
				CLANG_ANALYZER_NUMBER_OBJECT_CONVERSION = YES_AGGRESSIVE;
				CLANG_CXX_LANGUAGE_STANDARD = "gnu++14";
				CLANG_CXX_LIBRARY = "libc++";
				CLANG_ENABLE_MODULES = YES;
				CLANG_ENABLE_OBJC_ARC = YES;
				CLANG_WARN_BLOCK_CAPTURE_AUTORELEASING = YES;
				CLANG_WARN_BOOL_CONVERSION = YES;
				CLANG_WARN_COMMA = YES;
				CLANG_WARN_CONSTANT_CONVERSION = YES;
				CLANG_WARN_DIRECT_OBJC_ISA_USAGE = YES_ERROR;
				CLANG_WARN_DOCUMENTATION_COMMENTS = YES;
				CLANG_WARN_EMPTY_BODY = YES;
				CLANG_WARN_ENUM_CONVERSION = YES;
				CLANG_WARN_INFINITE_RECURSION = YES;
				CLANG_WARN_INT_CONVERSION = YES;
				CLANG_WARN_NON_LITERAL_NULL_CONVERSION = YES;
				CLANG_WARN_OBJC_LITERAL_CONVERSION = YES;
				CLANG_WARN_OBJC_ROOT_CLASS = YES_ERROR;
				CLANG_WARN_RANGE_LOOP_ANALYSIS = YES;
				CLANG_WARN_STRICT_PROTOTYPES = YES;
				CLANG_WARN_SUSPICIOUS_MOVE = YES;
				CLANG_WARN_UNGUARDED_AVAILABILITY = YES_AGGRESSIVE;
				CLANG_WARN_UNREACHABLE_CODE = YES;
				CLANG_WARN__DUPLICATE_METHOD_MATCH = YES;
				CODE_SIGN_IDENTITY = "-";
				COPY_PHASE_STRIP = NO;
				DEBUG_INFORMATION_FORMAT = dwarf;
				ENABLE_STRICT_OBJC_MSGSEND = YES;
				ENABLE_TESTABILITY = YES;
				GCC_C_LANGUAGE_STANDARD = gnu11;
				GCC_DYNAMIC_NO_PIC = NO;
				GCC_NO_COMMON_BLOCKS = YES;
				GCC_OPTIMIZATION_LEVEL = 0;
				GCC_PREPROCESSOR_DEFINITIONS = (
					"DEBUG=1",
					"$(inherited)",
				);
				GCC_WARN_64_TO_32_BIT_CONVERSION = YES;
				GCC_WARN_ABOUT_RETURN_TYPE = YES_ERROR;
				GCC_WARN_UNDECLARED_SELECTOR = YES;
				GCC_WARN_UNINITIALIZED_AUTOS = YES_AGGRESSIVE;
				GCC_WARN_UNUSED_FUNCTION = YES;
				GCC_WARN_UNUSED_VARIABLE = YES;
				MACOSX_DEPLOYMENT_TARGET = 10.12;
				MTL_ENABLE_DEBUG_INFO = YES;
				ONLY_ACTIVE_ARCH = YES;
				SDKROOT = macosx;
			};
			name = Debug;
		};
		B70801851F7D1A2C0057AB66 /* Release */ = {
			isa = XCBuildConfiguration;
			buildSettings = {
				ALWAYS_SEARCH_USER_PATHS = NO;
				CLANG_ANALYZER_NONNULL = YES;
				CLANG_ANALYZER_NUMBER_OBJECT_CONVERSION = YES_AGGRESSIVE;
				CLANG_CXX_LANGUAGE_STANDARD = "gnu++14";
				CLANG_CXX_LIBRARY = "libc++";
				CLANG_ENABLE_MODULES = YES;
				CLANG_ENABLE_OBJC_ARC = YES;
				CLANG_WARN_BLOCK_CAPTURE_AUTORELEASING = YES;
				CLANG_WARN_BOOL_CONVERSION = YES;
				CLANG_WARN_COMMA = YES;
				CLANG_WARN_CONSTANT_CONVERSION = YES;
				CLANG_WARN_DIRECT_OBJC_ISA_USAGE = YES_ERROR;
				CLANG_WARN_DOCUMENTATION_COMMENTS = YES;
				CLANG_WARN_EMPTY_BODY = YES;
				CLANG_WARN_ENUM_CONVERSION = YES;
				CLANG_WARN_INFINITE_RECURSION = YES;
				CLANG_WARN_INT_CONVERSION = YES;
				CLANG_WARN_NON_LITERAL_NULL_CONVERSION = YES;
				CLANG_WARN_OBJC_LITERAL_CONVERSION = YES;
				CLANG_WARN_OBJC_ROOT_CLASS = YES_ERROR;
				CLANG_WARN_RANGE_LOOP_ANALYSIS = YES;
				CLANG_WARN_STRICT_PROTOTYPES = YES;
				CLANG_WARN_SUSPICIOUS_MOVE = YES;
				CLANG_WARN_UNGUARDED_AVAILABILITY = YES_AGGRESSIVE;
				CLANG_WARN_UNREACHABLE_CODE = YES;
				CLANG_WARN__DUPLICATE_METHOD_MATCH = YES;
				CODE_SIGN_IDENTITY = "-";
				COPY_PHASE_STRIP = NO;
				DEBUG_INFORMATION_FORMAT = "dwarf-with-dsym";
				ENABLE_NS_ASSERTIONS = NO;
				ENABLE_STRICT_OBJC_MSGSEND = YES;
				GCC_C_LANGUAGE_STANDARD = gnu11;
				GCC_NO_COMMON_BLOCKS = YES;
				GCC_WARN_64_TO_32_BIT_CONVERSION = YES;
				GCC_WARN_ABOUT_RETURN_TYPE = YES_ERROR;
				GCC_WARN_UNDECLARED_SELECTOR = YES;
				GCC_WARN_UNINITIALIZED_AUTOS = YES_AGGRESSIVE;
				GCC_WARN_UNUSED_FUNCTION = YES;
				GCC_WARN_UNUSED_VARIABLE = YES;
				MACOSX_DEPLOYMENT_TARGET = 10.12;
				MTL_ENABLE_DEBUG_INFO = NO;
				SDKROOT = macosx;
			};
			name = Release;
		};
		B70801871F7D1A2C0057AB66 /* Debug */ = {
			isa = XCBuildConfiguration;
			buildSettings = {
				CODE_SIGN_STYLE = Automatic;
				PRODUCT_NAME = "$(TARGET_NAME)";
			};
			name = Debug;
		};
		B70801881F7D1A2C0057AB66 /* Release */ = {
			isa = XCBuildConfiguration;
			buildSettings = {
				CODE_SIGN_STYLE = Automatic;
				PRODUCT_NAME = "$(TARGET_NAME)";
			};
			name = Release;
		};
/* End XCBuildConfiguration section */

/* Begin XCConfigurationList section */
		B708017A1F7D1A2B0057AB66 /* Build configuration list for PBXProject "AlgLab4" */ = {
			isa = XCConfigurationList;
			buildConfigurations = (
				B70801841F7D1A2C0057AB66 /* Debug */,
				B70801851F7D1A2C0057AB66 /* Release */,
			);
			defaultConfigurationIsVisible = 0;
			defaultConfigurationName = Release;
		};
		B70801861F7D1A2C0057AB66 /* Build configuration list for PBXNativeTarget "AlgLab4" */ = {
			isa = XCConfigurationList;
			buildConfigurations = (
				B70801871F7D1A2C0057AB66 /* Debug */,
				B70801881F7D1A2C0057AB66 /* Release */,
			);
			defaultConfigurationIsVisible = 0;
			defaultConfigurationName = Release;
		};
/* End XCConfigurationList section */
	};
	rootObject = B70801771F7D1A2B0057AB66 /* Project object */;
}
