// !$*UTF8*$!
{
	archiveVersion = 1;
	classes = {
	};
	objectVersion = 48;
	objects = {

/* Begin PBXBuildFile section */
		B70DD62A1FDACE7B00CB762B /* AppDelegate.swift in Sources */ = {isa = PBXBuildFile; fileRef = B70DD6291FDACE7B00CB762B /* AppDelegate.swift */; };
		B70DD62F1FDACE7C00CB762B /* Main.storyboard in Resources */ = {isa = PBXBuildFile; fileRef = B70DD62D1FDACE7C00CB762B /* Main.storyboard */; };
		B70DD6311FDACE7C00CB762B /* Assets.xcassets in Resources */ = {isa = PBXBuildFile; fileRef = B70DD6301FDACE7C00CB762B /* Assets.xcassets */; };
		B70DD6341FDACE7C00CB762B /* LaunchScreen.storyboard in Resources */ = {isa = PBXBuildFile; fileRef = B70DD6321FDACE7C00CB762B /* LaunchScreen.storyboard */; };
		B70DD63F1FDACE7C00CB762B /* MusicPlayerTests.swift in Sources */ = {isa = PBXBuildFile; fileRef = B70DD63E1FDACE7C00CB762B /* MusicPlayerTests.swift */; };
		B70DD64A1FDACE7C00CB762B /* MusicPlayerUITests.swift in Sources */ = {isa = PBXBuildFile; fileRef = B70DD6491FDACE7C00CB762B /* MusicPlayerUITests.swift */; };
		B70DD6581FDACF2900CB762B /* GenreViewController.swift in Sources */ = {isa = PBXBuildFile; fileRef = B70DD6571FDACF2900CB762B /* GenreViewController.swift */; };
/* End PBXBuildFile section */

/* Begin PBXContainerItemProxy section */
		B70DD63B1FDACE7C00CB762B /* PBXContainerItemProxy */ = {
			isa = PBXContainerItemProxy;
			containerPortal = B70DD61E1FDACE7B00CB762B /* Project object */;
			proxyType = 1;
			remoteGlobalIDString = B70DD6251FDACE7B00CB762B;
			remoteInfo = MusicPlayer;
		};
		B70DD6461FDACE7C00CB762B /* PBXContainerItemProxy */ = {
			isa = PBXContainerItemProxy;
			containerPortal = B70DD61E1FDACE7B00CB762B /* Project object */;
			proxyType = 1;
			remoteGlobalIDString = B70DD6251FDACE7B00CB762B;
			remoteInfo = MusicPlayer;
		};
/* End PBXContainerItemProxy section */

/* Begin PBXFileReference section */
		B70DD6261FDACE7B00CB762B /* MusicPlayer.app */ = {isa = PBXFileReference; explicitFileType = wrapper.application; includeInIndex = 0; path = MusicPlayer.app; sourceTree = BUILT_PRODUCTS_DIR; };
		B70DD6291FDACE7B00CB762B /* AppDelegate.swift */ = {isa = PBXFileReference; lastKnownFileType = sourcecode.swift; path = AppDelegate.swift; sourceTree = "<group>"; };
		B70DD62E1FDACE7C00CB762B /* Base */ = {isa = PBXFileReference; lastKnownFileType = file.storyboard; name = Base; path = Base.lproj/Main.storyboard; sourceTree = "<group>"; };
		B70DD6301FDACE7C00CB762B /* Assets.xcassets */ = {isa = PBXFileReference; lastKnownFileType = folder.assetcatalog; path = Assets.xcassets; sourceTree = "<group>"; };
		B70DD6331FDACE7C00CB762B /* Base */ = {isa = PBXFileReference; lastKnownFileType = file.storyboard; name = Base; path = Base.lproj/LaunchScreen.storyboard; sourceTree = "<group>"; };
		B70DD6351FDACE7C00CB762B /* Info.plist */ = {isa = PBXFileReference; lastKnownFileType = text.plist.xml; path = Info.plist; sourceTree = "<group>"; };
		B70DD63A1FDACE7C00CB762B /* MusicPlayerTests.xctest */ = {isa = PBXFileReference; explicitFileType = wrapper.cfbundle; includeInIndex = 0; path = MusicPlayerTests.xctest; sourceTree = BUILT_PRODUCTS_DIR; };
		B70DD63E1FDACE7C00CB762B /* MusicPlayerTests.swift */ = {isa = PBXFileReference; lastKnownFileType = sourcecode.swift; path = MusicPlayerTests.swift; sourceTree = "<group>"; };
		B70DD6401FDACE7C00CB762B /* Info.plist */ = {isa = PBXFileReference; lastKnownFileType = text.plist.xml; path = Info.plist; sourceTree = "<group>"; };
		B70DD6451FDACE7C00CB762B /* MusicPlayerUITests.xctest */ = {isa = PBXFileReference; explicitFileType = wrapper.cfbundle; includeInIndex = 0; path = MusicPlayerUITests.xctest; sourceTree = BUILT_PRODUCTS_DIR; };
		B70DD6491FDACE7C00CB762B /* MusicPlayerUITests.swift */ = {isa = PBXFileReference; lastKnownFileType = sourcecode.swift; path = MusicPlayerUITests.swift; sourceTree = "<group>"; };
		B70DD64B1FDACE7C00CB762B /* Info.plist */ = {isa = PBXFileReference; lastKnownFileType = text.plist.xml; path = Info.plist; sourceTree = "<group>"; };
		B70DD6571FDACF2900CB762B /* GenreViewController.swift */ = {isa = PBXFileReference; lastKnownFileType = sourcecode.swift; path = GenreViewController.swift; sourceTree = "<group>"; };
/* End PBXFileReference section */

/* Begin PBXFrameworksBuildPhase section */
		B70DD6231FDACE7B00CB762B /* Frameworks */ = {
			isa = PBXFrameworksBuildPhase;
			buildActionMask = 2147483647;
			files = (
			);
			runOnlyForDeploymentPostprocessing = 0;
		};
		B70DD6371FDACE7C00CB762B /* Frameworks */ = {
			isa = PBXFrameworksBuildPhase;
			buildActionMask = 2147483647;
			files = (
			);
			runOnlyForDeploymentPostprocessing = 0;
		};
		B70DD6421FDACE7C00CB762B /* Frameworks */ = {
			isa = PBXFrameworksBuildPhase;
			buildActionMask = 2147483647;
			files = (
			);
			runOnlyForDeploymentPostprocessing = 0;
		};
/* End PBXFrameworksBuildPhase section */

/* Begin PBXGroup section */
		B70DD61D1FDACE7B00CB762B = {
			isa = PBXGroup;
			children = (
				B70DD6281FDACE7B00CB762B /* MusicPlayer */,
				B70DD63D1FDACE7C00CB762B /* MusicPlayerTests */,
				B70DD6481FDACE7C00CB762B /* MusicPlayerUITests */,
				B70DD6271FDACE7B00CB762B /* Products */,
			);
			sourceTree = "<group>";
		};
		B70DD6271FDACE7B00CB762B /* Products */ = {
			isa = PBXGroup;
			children = (
				B70DD6261FDACE7B00CB762B /* MusicPlayer.app */,
				B70DD63A1FDACE7C00CB762B /* MusicPlayerTests.xctest */,
				B70DD6451FDACE7C00CB762B /* MusicPlayerUITests.xctest */,
			);
			name = Products;
			sourceTree = "<group>";
		};
		B70DD6281FDACE7B00CB762B /* MusicPlayer */ = {
			isa = PBXGroup;
			children = (
				B70DD6291FDACE7B00CB762B /* AppDelegate.swift */,
				B70DD6571FDACF2900CB762B /* GenreViewController.swift */,
				B70DD62D1FDACE7C00CB762B /* Main.storyboard */,
				B70DD6301FDACE7C00CB762B /* Assets.xcassets */,
				B70DD6321FDACE7C00CB762B /* LaunchScreen.storyboard */,
				B70DD6351FDACE7C00CB762B /* Info.plist */,
			);
			path = MusicPlayer;
			sourceTree = "<group>";
		};
		B70DD63D1FDACE7C00CB762B /* MusicPlayerTests */ = {
			isa = PBXGroup;
			children = (
				B70DD63E1FDACE7C00CB762B /* MusicPlayerTests.swift */,
				B70DD6401FDACE7C00CB762B /* Info.plist */,
			);
			path = MusicPlayerTests;
			sourceTree = "<group>";
		};
		B70DD6481FDACE7C00CB762B /* MusicPlayerUITests */ = {
			isa = PBXGroup;
			children = (
				B70DD6491FDACE7C00CB762B /* MusicPlayerUITests.swift */,
				B70DD64B1FDACE7C00CB762B /* Info.plist */,
			);
			path = MusicPlayerUITests;
			sourceTree = "<group>";
		};
/* End PBXGroup section */

/* Begin PBXNativeTarget section */
		B70DD6251FDACE7B00CB762B /* MusicPlayer */ = {
			isa = PBXNativeTarget;
			buildConfigurationList = B70DD64E1FDACE7C00CB762B /* Build configuration list for PBXNativeTarget "MusicPlayer" */;
			buildPhases = (
				B70DD6221FDACE7B00CB762B /* Sources */,
				B70DD6231FDACE7B00CB762B /* Frameworks */,
				B70DD6241FDACE7B00CB762B /* Resources */,
			);
			buildRules = (
			);
			dependencies = (
			);
			name = MusicPlayer;
			productName = MusicPlayer;
			productReference = B70DD6261FDACE7B00CB762B /* MusicPlayer.app */;
			productType = "com.apple.product-type.application";
		};
		B70DD6391FDACE7C00CB762B /* MusicPlayerTests */ = {
			isa = PBXNativeTarget;
			buildConfigurationList = B70DD6511FDACE7C00CB762B /* Build configuration list for PBXNativeTarget "MusicPlayerTests" */;
			buildPhases = (
				B70DD6361FDACE7C00CB762B /* Sources */,
				B70DD6371FDACE7C00CB762B /* Frameworks */,
				B70DD6381FDACE7C00CB762B /* Resources */,
			);
			buildRules = (
			);
			dependencies = (
				B70DD63C1FDACE7C00CB762B /* PBXTargetDependency */,
			);
			name = MusicPlayerTests;
			productName = MusicPlayerTests;
			productReference = B70DD63A1FDACE7C00CB762B /* MusicPlayerTests.xctest */;
			productType = "com.apple.product-type.bundle.unit-test";
		};
		B70DD6441FDACE7C00CB762B /* MusicPlayerUITests */ = {
			isa = PBXNativeTarget;
			buildConfigurationList = B70DD6541FDACE7C00CB762B /* Build configuration list for PBXNativeTarget "MusicPlayerUITests" */;
			buildPhases = (
				B70DD6411FDACE7C00CB762B /* Sources */,
				B70DD6421FDACE7C00CB762B /* Frameworks */,
				B70DD6431FDACE7C00CB762B /* Resources */,
			);
			buildRules = (
			);
			dependencies = (
				B70DD6471FDACE7C00CB762B /* PBXTargetDependency */,
			);
			name = MusicPlayerUITests;
			productName = MusicPlayerUITests;
			productReference = B70DD6451FDACE7C00CB762B /* MusicPlayerUITests.xctest */;
			productType = "com.apple.product-type.bundle.ui-testing";
		};
/* End PBXNativeTarget section */

/* Begin PBXProject section */
		B70DD61E1FDACE7B00CB762B /* Project object */ = {
			isa = PBXProject;
			attributes = {
				LastSwiftUpdateCheck = 0920;
				LastUpgradeCheck = 0920;
				ORGANIZATIONNAME = "Константин Петкевич";
				TargetAttributes = {
					B70DD6251FDACE7B00CB762B = {
						CreatedOnToolsVersion = 9.2;
						ProvisioningStyle = Automatic;
					};
					B70DD6391FDACE7C00CB762B = {
						CreatedOnToolsVersion = 9.2;
						ProvisioningStyle = Automatic;
						TestTargetID = B70DD6251FDACE7B00CB762B;
					};
					B70DD6441FDACE7C00CB762B = {
						CreatedOnToolsVersion = 9.2;
						ProvisioningStyle = Automatic;
						TestTargetID = B70DD6251FDACE7B00CB762B;
					};
				};
			};
			buildConfigurationList = B70DD6211FDACE7B00CB762B /* Build configuration list for PBXProject "MusicPlayer" */;
			compatibilityVersion = "Xcode 8.0";
			developmentRegion = en;
			hasScannedForEncodings = 0;
			knownRegions = (
				en,
				Base,
			);
			mainGroup = B70DD61D1FDACE7B00CB762B;
			productRefGroup = B70DD6271FDACE7B00CB762B /* Products */;
			projectDirPath = "";
			projectRoot = "";
			targets = (
				B70DD6251FDACE7B00CB762B /* MusicPlayer */,
				B70DD6391FDACE7C00CB762B /* MusicPlayerTests */,
				B70DD6441FDACE7C00CB762B /* MusicPlayerUITests */,
			);
		};
/* End PBXProject section */

/* Begin PBXResourcesBuildPhase section */
		B70DD6241FDACE7B00CB762B /* Resources */ = {
			isa = PBXResourcesBuildPhase;
			buildActionMask = 2147483647;
			files = (
				B70DD6341FDACE7C00CB762B /* LaunchScreen.storyboard in Resources */,
				B70DD6311FDACE7C00CB762B /* Assets.xcassets in Resources */,
				B70DD62F1FDACE7C00CB762B /* Main.storyboard in Resources */,
			);
			runOnlyForDeploymentPostprocessing = 0;
		};
		B70DD6381FDACE7C00CB762B /* Resources */ = {
			isa = PBXResourcesBuildPhase;
			buildActionMask = 2147483647;
			files = (
			);
			runOnlyForDeploymentPostprocessing = 0;
		};
		B70DD6431FDACE7C00CB762B /* Resources */ = {
			isa = PBXResourcesBuildPhase;
			buildActionMask = 2147483647;
			files = (
			);
			runOnlyForDeploymentPostprocessing = 0;
		};
/* End PBXResourcesBuildPhase section */

/* Begin PBXSourcesBuildPhase section */
		B70DD6221FDACE7B00CB762B /* Sources */ = {
			isa = PBXSourcesBuildPhase;
			buildActionMask = 2147483647;
			files = (
				B70DD6581FDACF2900CB762B /* GenreViewController.swift in Sources */,
				B70DD62A1FDACE7B00CB762B /* AppDelegate.swift in Sources */,
			);
			runOnlyForDeploymentPostprocessing = 0;
		};
		B70DD6361FDACE7C00CB762B /* Sources */ = {
			isa = PBXSourcesBuildPhase;
			buildActionMask = 2147483647;
			files = (
				B70DD63F1FDACE7C00CB762B /* MusicPlayerTests.swift in Sources */,
			);
			runOnlyForDeploymentPostprocessing = 0;
		};
		B70DD6411FDACE7C00CB762B /* Sources */ = {
			isa = PBXSourcesBuildPhase;
			buildActionMask = 2147483647;
			files = (
				B70DD64A1FDACE7C00CB762B /* MusicPlayerUITests.swift in Sources */,
			);
			runOnlyForDeploymentPostprocessing = 0;
		};
/* End PBXSourcesBuildPhase section */

/* Begin PBXTargetDependency section */
		B70DD63C1FDACE7C00CB762B /* PBXTargetDependency */ = {
			isa = PBXTargetDependency;
			target = B70DD6251FDACE7B00CB762B /* MusicPlayer */;
			targetProxy = B70DD63B1FDACE7C00CB762B /* PBXContainerItemProxy */;
		};
		B70DD6471FDACE7C00CB762B /* PBXTargetDependency */ = {
			isa = PBXTargetDependency;
			target = B70DD6251FDACE7B00CB762B /* MusicPlayer */;
			targetProxy = B70DD6461FDACE7C00CB762B /* PBXContainerItemProxy */;
		};
/* End PBXTargetDependency section */

/* Begin PBXVariantGroup section */
		B70DD62D1FDACE7C00CB762B /* Main.storyboard */ = {
			isa = PBXVariantGroup;
			children = (
				B70DD62E1FDACE7C00CB762B /* Base */,
			);
			name = Main.storyboard;
			sourceTree = "<group>";
		};
		B70DD6321FDACE7C00CB762B /* LaunchScreen.storyboard */ = {
			isa = PBXVariantGroup;
			children = (
				B70DD6331FDACE7C00CB762B /* Base */,
			);
			name = LaunchScreen.storyboard;
			sourceTree = "<group>";
		};
/* End PBXVariantGroup section */

/* Begin XCBuildConfiguration section */
		B70DD64C1FDACE7C00CB762B /* Debug */ = {
			isa = XCBuildConfiguration;
			buildSettings = {
				ALWAYS_SEARCH_USER_PATHS = NO;
				CLANG_ANALYZER_NONNULL = YES;
				CLANG_ANALYZER_NUMBER_OBJECT_CONVERSION = YES_AGGRESSIVE;
				CLANG_CXX_LANGUAGE_STANDARD = "gnu++14";
				CLANG_CXX_LIBRARY = "libc++";
				CLANG_ENABLE_MODULES = YES;
				CLANG_ENABLE_OBJC_ARC = YES;
				CLANG_WARN_BLOCK_CAPTURE_AUTORELEASING = YES;
				CLANG_WARN_BOOL_CONVERSION = YES;
				CLANG_WARN_COMMA = YES;
				CLANG_WARN_CONSTANT_CONVERSION = YES;
				CLANG_WARN_DIRECT_OBJC_ISA_USAGE = YES_ERROR;
				CLANG_WARN_DOCUMENTATION_COMMENTS = YES;
				CLANG_WARN_EMPTY_BODY = YES;
				CLANG_WARN_ENUM_CONVERSION = YES;
				CLANG_WARN_INFINITE_RECURSION = YES;
				CLANG_WARN_INT_CONVERSION = YES;
				CLANG_WARN_NON_LITERAL_NULL_CONVERSION = YES;
				CLANG_WARN_OBJC_LITERAL_CONVERSION = YES;
				CLANG_WARN_OBJC_ROOT_CLASS = YES_ERROR;
				CLANG_WARN_RANGE_LOOP_ANALYSIS = YES;
				CLANG_WARN_STRICT_PROTOTYPES = YES;
				CLANG_WARN_SUSPICIOUS_MOVE = YES;
				CLANG_WARN_UNGUARDED_AVAILABILITY = YES_AGGRESSIVE;
				CLANG_WARN_UNREACHABLE_CODE = YES;
				CLANG_WARN__DUPLICATE_METHOD_MATCH = YES;
				CODE_SIGN_IDENTITY = "iPhone Developer";
				COPY_PHASE_STRIP = NO;
				DEBUG_INFORMATION_FORMAT = dwarf;
				ENABLE_STRICT_OBJC_MSGSEND = YES;
				ENABLE_TESTABILITY = YES;
				GCC_C_LANGUAGE_STANDARD = gnu11;
				GCC_DYNAMIC_NO_PIC = NO;
				GCC_NO_COMMON_BLOCKS = YES;
				GCC_OPTIMIZATION_LEVEL = 0;
				GCC_PREPROCESSOR_DEFINITIONS = (
					"DEBUG=1",
					"$(inherited)",
				);
				GCC_WARN_64_TO_32_BIT_CONVERSION = YES;
				GCC_WARN_ABOUT_RETURN_TYPE = YES_ERROR;
				GCC_WARN_UNDECLARED_SELECTOR = YES;
				GCC_WARN_UNINITIALIZED_AUTOS = YES_AGGRESSIVE;
				GCC_WARN_UNUSED_FUNCTION = YES;
				GCC_WARN_UNUSED_VARIABLE = YES;
				IPHONEOS_DEPLOYMENT_TARGET = 11.2;
				MTL_ENABLE_DEBUG_INFO = YES;
				ONLY_ACTIVE_ARCH = YES;
				SDKROOT = iphoneos;
				SWIFT_ACTIVE_COMPILATION_CONDITIONS = DEBUG;
				SWIFT_OPTIMIZATION_LEVEL = "-Onone";
			};
			name = Debug;
		};
		B70DD64D1FDACE7C00CB762B /* Release */ = {
			isa = XCBuildConfiguration;
			buildSettings = {
				ALWAYS_SEARCH_USER_PATHS = NO;
				CLANG_ANALYZER_NONNULL = YES;
				CLANG_ANALYZER_NUMBER_OBJECT_CONVERSION = YES_AGGRESSIVE;
				CLANG_CXX_LANGUAGE_STANDARD = "gnu++14";
				CLANG_CXX_LIBRARY = "libc++";
				CLANG_ENABLE_MODULES = YES;
				CLANG_ENABLE_OBJC_ARC = YES;
				CLANG_WARN_BLOCK_CAPTURE_AUTORELEASING = YES;
				CLANG_WARN_BOOL_CONVERSION = YES;
				CLANG_WARN_COMMA = YES;
				CLANG_WARN_CONSTANT_CONVERSION = YES;
				CLANG_WARN_DIRECT_OBJC_ISA_USAGE = YES_ERROR;
				CLANG_WARN_DOCUMENTATION_COMMENTS = YES;
				CLANG_WARN_EMPTY_BODY = YES;
				CLANG_WARN_ENUM_CONVERSION = YES;
				CLANG_WARN_INFINITE_RECURSION = YES;
				CLANG_WARN_INT_CONVERSION = YES;
				CLANG_WARN_NON_LITERAL_NULL_CONVERSION = YES;
				CLANG_WARN_OBJC_LITERAL_CONVERSION = YES;
				CLANG_WARN_OBJC_ROOT_CLASS = YES_ERROR;
				CLANG_WARN_RANGE_LOOP_ANALYSIS = YES;
				CLANG_WARN_STRICT_PROTOTYPES = YES;
				CLANG_WARN_SUSPICIOUS_MOVE = YES;
				CLANG_WARN_UNGUARDED_AVAILABILITY = YES_AGGRESSIVE;
				CLANG_WARN_UNREACHABLE_CODE = YES;
				CLANG_WARN__DUPLICATE_METHOD_MATCH = YES;
				CODE_SIGN_IDENTITY = "iPhone Developer";
				COPY_PHASE_STRIP = NO;
				DEBUG_INFORMATION_FORMAT = "dwarf-with-dsym";
				ENABLE_NS_ASSERTIONS = NO;
				ENABLE_STRICT_OBJC_MSGSEND = YES;
				GCC_C_LANGUAGE_STANDARD = gnu11;
				GCC_NO_COMMON_BLOCKS = YES;
				GCC_WARN_64_TO_32_BIT_CONVERSION = YES;
				GCC_WARN_ABOUT_RETURN_TYPE = YES_ERROR;
				GCC_WARN_UNDECLARED_SELECTOR = YES;
				GCC_WARN_UNINITIALIZED_AUTOS = YES_AGGRESSIVE;
				GCC_WARN_UNUSED_FUNCTION = YES;
				GCC_WARN_UNUSED_VARIABLE = YES;
				IPHONEOS_DEPLOYMENT_TARGET = 11.2;
				MTL_ENABLE_DEBUG_INFO = NO;
				SDKROOT = iphoneos;
				SWIFT_OPTIMIZATION_LEVEL = "-Owholemodule";
				VALIDATE_PRODUCT = YES;
			};
			name = Release;
		};
		B70DD64F1FDACE7C00CB762B /* Debug */ = {
			isa = XCBuildConfiguration;
			buildSettings = {
				ASSETCATALOG_COMPILER_APPICON_NAME = AppIcon;
				CODE_SIGN_STYLE = Automatic;
				DEVELOPMENT_TEAM = 2XWY66R5X8;
				INFOPLIST_FILE = MusicPlayer/Info.plist;
				IPHONEOS_DEPLOYMENT_TARGET = 11.1.2;
				LD_RUNPATH_SEARCH_PATHS = "$(inherited) @executable_path/Frameworks";
				PRODUCT_BUNDLE_IDENTIFIER = konstafer.MusicPlayer;
				PRODUCT_NAME = "$(TARGET_NAME)";
				SWIFT_VERSION = 4.0;
				TARGETED_DEVICE_FAMILY = "1,2";
			};
			name = Debug;
		};
		B70DD6501FDACE7C00CB762B /* Release */ = {
			isa = XCBuildConfiguration;
			buildSettings = {
				ASSETCATALOG_COMPILER_APPICON_NAME = AppIcon;
				CODE_SIGN_STYLE = Automatic;
				DEVELOPMENT_TEAM = 2XWY66R5X8;
				INFOPLIST_FILE = MusicPlayer/Info.plist;
				IPHONEOS_DEPLOYMENT_TARGET = 11.1.2;
				LD_RUNPATH_SEARCH_PATHS = "$(inherited) @executable_path/Frameworks";
				PRODUCT_BUNDLE_IDENTIFIER = konstafer.MusicPlayer;
				PRODUCT_NAME = "$(TARGET_NAME)";
				SWIFT_VERSION = 4.0;
				TARGETED_DEVICE_FAMILY = "1,2";
			};
			name = Release;
		};
		B70DD6521FDACE7C00CB762B /* Debug */ = {
			isa = XCBuildConfiguration;
			buildSettings = {
				ALWAYS_EMBED_SWIFT_STANDARD_LIBRARIES = YES;
				BUNDLE_LOADER = "$(TEST_HOST)";
				CODE_SIGN_STYLE = Automatic;
				INFOPLIST_FILE = MusicPlayerTests/Info.plist;
				LD_RUNPATH_SEARCH_PATHS = "$(inherited) @executable_path/Frameworks @loader_path/Frameworks";
				PRODUCT_BUNDLE_IDENTIFIER = konstafer.MusicPlayerTests;
				PRODUCT_NAME = "$(TARGET_NAME)";
				SWIFT_VERSION = 4.0;
				TARGETED_DEVICE_FAMILY = "1,2";
				TEST_HOST = "$(BUILT_PRODUCTS_DIR)/MusicPlayer.app/MusicPlayer";
			};
			name = Debug;
		};
		B70DD6531FDACE7C00CB762B /* Release */ = {
			isa = XCBuildConfiguration;
			buildSettings = {
				ALWAYS_EMBED_SWIFT_STANDARD_LIBRARIES = YES;
				BUNDLE_LOADER = "$(TEST_HOST)";
				CODE_SIGN_STYLE = Automatic;
				INFOPLIST_FILE = MusicPlayerTests/Info.plist;
				LD_RUNPATH_SEARCH_PATHS = "$(inherited) @executable_path/Frameworks @loader_path/Frameworks";
				PRODUCT_BUNDLE_IDENTIFIER = konstafer.MusicPlayerTests;
				PRODUCT_NAME = "$(TARGET_NAME)";
				SWIFT_VERSION = 4.0;
				TARGETED_DEVICE_FAMILY = "1,2";
				TEST_HOST = "$(BUILT_PRODUCTS_DIR)/MusicPlayer.app/MusicPlayer";
			};
			name = Release;
		};
		B70DD6551FDACE7C00CB762B /* Debug */ = {
			isa = XCBuildConfiguration;
			buildSettings = {
				ALWAYS_EMBED_SWIFT_STANDARD_LIBRARIES = YES;
				CODE_SIGN_STYLE = Automatic;
				INFOPLIST_FILE = MusicPlayerUITests/Info.plist;
				LD_RUNPATH_SEARCH_PATHS = "$(inherited) @executable_path/Frameworks @loader_path/Frameworks";
				PRODUCT_BUNDLE_IDENTIFIER = konstafer.MusicPlayerUITests;
				PRODUCT_NAME = "$(TARGET_NAME)";
				SWIFT_VERSION = 4.0;
				TARGETED_DEVICE_FAMILY = "1,2";
				TEST_TARGET_NAME = MusicPlayer;
			};
			name = Debug;
		};
		B70DD6561FDACE7C00CB762B /* Release */ = {
			isa = XCBuildConfiguration;
			buildSettings = {
				ALWAYS_EMBED_SWIFT_STANDARD_LIBRARIES = YES;
				CODE_SIGN_STYLE = Automatic;
				INFOPLIST_FILE = MusicPlayerUITests/Info.plist;
				LD_RUNPATH_SEARCH_PATHS = "$(inherited) @executable_path/Frameworks @loader_path/Frameworks";
				PRODUCT_BUNDLE_IDENTIFIER = konstafer.MusicPlayerUITests;
				PRODUCT_NAME = "$(TARGET_NAME)";
				SWIFT_VERSION = 4.0;
				TARGETED_DEVICE_FAMILY = "1,2";
				TEST_TARGET_NAME = MusicPlayer;
			};
			name = Release;
		};
/* End XCBuildConfiguration section */

/* Begin XCConfigurationList section */
		B70DD6211FDACE7B00CB762B /* Build configuration list for PBXProject "MusicPlayer" */ = {
			isa = XCConfigurationList;
			buildConfigurations = (
				B70DD64C1FDACE7C00CB762B /* Debug */,
				B70DD64D1FDACE7C00CB762B /* Release */,
			);
			defaultConfigurationIsVisible = 0;
			defaultConfigurationName = Release;
		};
		B70DD64E1FDACE7C00CB762B /* Build configuration list for PBXNativeTarget "MusicPlayer" */ = {
			isa = XCConfigurationList;
			buildConfigurations = (
				B70DD64F1FDACE7C00CB762B /* Debug */,
				B70DD6501FDACE7C00CB762B /* Release */,
			);
			defaultConfigurationIsVisible = 0;
			defaultConfigurationName = Release;
		};
		B70DD6511FDACE7C00CB762B /* Build configuration list for PBXNativeTarget "MusicPlayerTests" */ = {
			isa = XCConfigurationList;
			buildConfigurations = (
				B70DD6521FDACE7C00CB762B /* Debug */,
				B70DD6531FDACE7C00CB762B /* Release */,
			);
			defaultConfigurationIsVisible = 0;
			defaultConfigurationName = Release;
		};
		B70DD6541FDACE7C00CB762B /* Build configuration list for PBXNativeTarget "MusicPlayerUITests" */ = {
			isa = XCConfigurationList;
			buildConfigurations = (
				B70DD6551FDACE7C00CB762B /* Debug */,
				B70DD6561FDACE7C00CB762B /* Release */,
			);
			defaultConfigurationIsVisible = 0;
			defaultConfigurationName = Release;
		};
/* End XCConfigurationList section */
	};
	rootObject = B70DD61E1FDACE7B00CB762B /* Project object */;
}
